
Microsoft Visual Studio Solution File, Format Version 12.00
# Visual Studio Version 17
VisualStudioVersion = 17.11.35303.130
MinimumVisualStudioVersion = 10.0.40219.1
Project("{8BC9CEB8-8B4A-11D0-8D11-00A0C91BC942}") = "Lab_10.1.A", "Lab_10.1.A\Lab_10.1.A.vcxproj", "{ACE0D86C-D947-4D98-9832-086836D37C32}"
EndProject
Project("{8BC9CEB8-8B4A-11D0-8D11-00A0C91BC942}") = "UnitTest1", "UnitTest1\UnitTest1.vcxproj", "{D05138ED-70D0-42DA-BC2E-90FD9B10C8AB}"
EndProject
Global
	GlobalSection(SolutionConfigurationPlatforms) = preSolution
		Debug|x64 = Debug|x64
		Debug|x86 = Debug|x86
		Release|x64 = Release|x64
		Release|x86 = Release|x86
	EndGlobalSection
	GlobalSection(ProjectConfigurationPlatforms) = postSolution
		{ACE0D86C-D947-4D98-9832-086836D37C32}.Debug|x64.ActiveCfg = Debug|x64
		{ACE0D86C-D947-4D98-9832-086836D37C32}.Debug|x64.Build.0 = Debug|x64
		{ACE0D86C-D947-4D98-9832-086836D37C32}.Debug|x86.ActiveCfg = Debug|Win32
		{ACE0D86C-D947-4D98-9832-086836D37C32}.Debug|x86.Build.0 = Debug|Win32
		{ACE0D86C-D947-4D98-9832-086836D37C32}.Release|x64.ActiveCfg = Release|x64
		{ACE0D86C-D947-4D98-9832-086836D37C32}.Release|x64.Build.0 = Release|x64
		{ACE0D86C-D947-4D98-9832-086836D37C32}.Release|x86.ActiveCfg = Release|Win32
		{ACE0D86C-D947-4D98-9832-086836D37C32}.Release|x86.Build.0 = Release|Win32
		{D05138ED-70D0-42DA-BC2E-90FD9B10C8AB}.Debug|x64.ActiveCfg = Debug|x64
		{D05138ED-70D0-42DA-BC2E-90FD9B10C8AB}.Debug|x64.Build.0 = Debug|x64
		{D05138ED-70D0-42DA-BC2E-90FD9B10C8AB}.Debug|x86.ActiveCfg = Debug|Win32
		{D05138ED-70D0-42DA-BC2E-90FD9B10C8AB}.Debug|x86.Build.0 = Debug|Win32
		{D05138ED-70D0-42DA-BC2E-90FD9B10C8AB}.Release|x64.ActiveCfg = Release|x64
		{D05138ED-70D0-42DA-BC2E-90FD9B10C8AB}.Release|x64.Build.0 = Release|x64
		{D05138ED-70D0-42DA-BC2E-90FD9B10C8AB}.Release|x86.ActiveCfg = Release|Win32
		{D05138ED-70D0-42DA-BC2E-90FD9B10C8AB}.Release|x86.Build.0 = Release|Win32
	EndGlobalSection
	GlobalSection(SolutionProperties) = preSolution
		HideSolutionNode = FALSE
	EndGlobalSection
	GlobalSection(ExtensibilityGlobals) = postSolution
		SolutionGuid = {380C2E06-6DC3-47D3-9BF1-4BE4912991C2}
	EndGlobalSection
EndGlobal
